
Microsoft Visual Studio Solution File, Format Version 12.00
Project("{FAE04EC0-301F-11D3-BF4B-00C04F79EFBC}") = "PointingPoker.WebApi", "PointingPoker.WebApi\PointingPoker.WebApi.csproj", "{F721F625-513B-4E12-808D-29C2CECF82A6}"
EndProject
Project("{FAE04EC0-301F-11D3-BF4B-00C04F79EFBC}") = "PointingPoker.Core", "PointingPoker.Core\PointingPoker.Core.csproj", "{0A792468-DB89-4EAF-B857-005E91D033E5}"
EndProject
Project("{FAE04EC0-301F-11D3-BF4B-00C04F79EFBC}") = "PointingPoker.Infrastructure", "PointingPoker.Infrastructure\PointingPoker.Infrastructure.csproj", "{C906325A-96A8-427F-A736-B98767A4B05B}"
EndProject
Global
	GlobalSection(SolutionConfigurationPlatforms) = preSolution
		Debug|Any CPU = Debug|Any CPU
		Release|Any CPU = Release|Any CPU
	EndGlobalSection
	GlobalSection(ProjectConfigurationPlatforms) = postSolution
		{F721F625-513B-4E12-808D-29C2CECF82A6}.Debug|Any CPU.ActiveCfg = Debug|Any CPU
		{F721F625-513B-4E12-808D-29C2CECF82A6}.Debug|Any CPU.Build.0 = Debug|Any CPU
		{F721F625-513B-4E12-808D-29C2CECF82A6}.Release|Any CPU.ActiveCfg = Release|Any CPU
		{F721F625-513B-4E12-808D-29C2CECF82A6}.Release|Any CPU.Build.0 = Release|Any CPU
		{0A792468-DB89-4EAF-B857-005E91D033E5}.Debug|Any CPU.ActiveCfg = Debug|Any CPU
		{0A792468-DB89-4EAF-B857-005E91D033E5}.Debug|Any CPU.Build.0 = Debug|Any CPU
		{0A792468-DB89-4EAF-B857-005E91D033E5}.Release|Any CPU.ActiveCfg = Release|Any CPU
		{0A792468-DB89-4EAF-B857-005E91D033E5}.Release|Any CPU.Build.0 = Release|Any CPU
		{C906325A-96A8-427F-A736-B98767A4B05B}.Debug|Any CPU.ActiveCfg = Debug|Any CPU
		{C906325A-96A8-427F-A736-B98767A4B05B}.Debug|Any CPU.Build.0 = Debug|Any CPU
		{C906325A-96A8-427F-A736-B98767A4B05B}.Release|Any CPU.ActiveCfg = Release|Any CPU
		{C906325A-96A8-427F-A736-B98767A4B05B}.Release|Any CPU.Build.0 = Release|Any CPU
	EndGlobalSection
EndGlobal
